
Microsoft Visual Studio Solution File, Format Version 12.00
# Visual Studio Version 16
VisualStudioVersion = 16.0.31729.503
MinimumVisualStudioVersion = 10.0.40219.1
Project("{888888A0-9F3D-457C-B088-3A5042F75D52}") = "python_yuz_tanima_kamera", "python_yuz_tanima_kamera\python_yuz_tanima_kamera.pyproj", "{610D40B7-3AFD-44F7-A131-07C4EE3D41BE}"
EndProject
Global
	GlobalSection(SolutionConfigurationPlatforms) = preSolution
		Debug|Any CPU = Debug|Any CPU
		Release|Any CPU = Release|Any CPU
	EndGlobalSection
	GlobalSection(ProjectConfigurationPlatforms) = postSolution
		{610D40B7-3AFD-44F7-A131-07C4EE3D41BE}.Debug|Any CPU.ActiveCfg = Debug|Any CPU
		{610D40B7-3AFD-44F7-A131-07C4EE3D41BE}.Release|Any CPU.ActiveCfg = Release|Any CPU
	EndGlobalSection
	GlobalSection(SolutionProperties) = preSolution
		HideSolutionNode = FALSE
	EndGlobalSection
	GlobalSection(ExtensibilityGlobals) = postSolution
		SolutionGuid = {A45EED2A-5CD4-4F5B-8953-D0AB08665459}
	EndGlobalSection
EndGlobal
